<?xml version="1.0" encoding="utf-8"?>
<Project ToolsVersion="4.0" xmlns="http://schemas.microsoft.com/developer/msbuild/2003">
  <ItemGroup>
    <Filter Include="TimeObject">
      <UniqueIdentifier>{68c132c9-5ea2-4296-890f-770b332e4d41}</UniqueIdentifier>
    </Filter>
    <Filter Include="stdafxh">
      <UniqueIdentifier>{929e112e-b50b-4491-b5f5-25650c9040ff}</UniqueIdentifier>
    </Filter>
    <Filter Include="TimeVariable">
      <UniqueIdentifier>{df358a81-c6c7-45ad-a953-85a654ad9e19}</UniqueIdentifier>
    </Filter>
    <Filter Include="TimeManager">
      <UniqueIdentifier>{ee3ccdf1-0c21-4b2f-afe2-77bd29d3152d}</UniqueIdentifier>
    </Filter>
    <Filter Include="TimeEntity">
      <UniqueIdentifier>{1382f27d-fb63-4b0a-9219-a870ee7a250b}</UniqueIdentifier>
    </Filter>
  </ItemGroup>
  <ItemGroup>
    <ClInclude Include="source\StdAfx\stdafx.h">
      <Filter>stdafxh</Filter>
    </ClInclude>
    <ClInclude Include="source\TimeObject\TimeObject.h">
      <Filter>TimeObject</Filter>
    </ClInclude>
    <ClInclude Include="source\TimeManager\TimeManager.h">
      <Filter>TimeManager</Filter>
    </ClInclude>
    <ClInclude Include="source\TimeVariable\ITimeVariable.h">
      <Filter>TimeVariable</Filter>
    </ClInclude>
    <ClInclude Include="source\TimeVariable\TimeVariable.h">
      <Filter>TimeVariable</Filter>
    </ClInclude>
    <ClInclude Include="source\TimeEntity\ReverseTimeEntity.h">
      <Filter>TimeEntity</Filter>
    </ClInclude>
    <ClInclude Include="source\TimeEntity\TimeEntity.h">
      <Filter>TimeEntity</Filter>
    </ClInclude>
    <ClInclude Include="source\TimeEntity\NormalTimeEntity.h">
      <Filter>TimeEntity</Filter>
    </ClInclude>
  </ItemGroup>
  <ItemGroup>
    <ClCompile Include="source\StdAfx\stdafx.cpp">
      <Filter>stdafxh</Filter>
    </ClCompile>
    <ClCompile Include="source\TimeObject\TimeObject.cpp">
      <Filter>TimeObject</Filter>
    </ClCompile>
    <ClCompile Include="source\TimeManager\TimeManager.cpp">
      <Filter>TimeManager</Filter>
    </ClCompile>
    <ClCompile Include="source\TimeVariable\TimeVariable.cpp">
      <Filter>TimeVariable</Filter>
    </ClCompile>
    <ClCompile Include="source\TimeEntity\ReverseTimeEntity.cpp">
      <Filter>TimeEntity</Filter>
    </ClCompile>
    <ClCompile Include="source\TimeEntity\TimeEntity.cpp">
      <Filter>TimeEntity</Filter>
    </ClCompile>
    <ClCompile Include="source\TimeEntity\NormalTimeEntity.cpp">
      <Filter>TimeEntity</Filter>
    </ClCompile>
  </ItemGroup>
</Project>