<?xml version="1.0" encoding="utf-8"?>
<Project ToolsVersion="4.0" xmlns="http://schemas.microsoft.com/developer/msbuild/2003">
  <ItemGroup>
    <Filter Include="Block">
      <UniqueIdentifier>{ae9636fb-7030-49e1-aaa9-12058a64fc37}</UniqueIdentifier>
    </Filter>
    <Filter Include="Map">
      <UniqueIdentifier>{75ec86ab-e86a-4b45-9013-e861c4534e76}</UniqueIdentifier>
    </Filter>
    <Filter Include="Point">
      <UniqueIdentifier>{f59defde-07a7-4982-a8d6-4d47efa8452e}</UniqueIdentifier>
    </Filter>
    <Filter Include="main">
      <UniqueIdentifier>{3dfcb4a1-3167-4b8a-ac2f-398c52f6ac90}</UniqueIdentifier>
    </Filter>
    <Filter Include="Game">
      <UniqueIdentifier>{4bde8754-ede3-4f9e-8d98-0bbf15d939b0}</UniqueIdentifier>
    </Filter>
    <Filter Include="Util">
      <UniqueIdentifier>{585a5a6f-bbcd-45f4-a133-1fb504a48b63}</UniqueIdentifier>
    </Filter>
    <Filter Include="Stdafx">
      <UniqueIdentifier>{5a134dde-9a21-4137-8944-0f5eb934f649}</UniqueIdentifier>
    </Filter>
    <Filter Include="Shaders">
      <UniqueIdentifier>{ad7ea76b-d4bc-4b72-8d7e-4e0b6e6c3ae2}</UniqueIdentifier>
    </Filter>
  </ItemGroup>
  <ItemGroup>
    <ClInclude Include="Block.h">
      <Filter>Block</Filter>
    </ClInclude>
    <ClInclude Include="Point.h">
      <Filter>Point</Filter>
    </ClInclude>
    <ClInclude Include="Map.h">
      <Filter>Map</Filter>
    </ClInclude>
    <ClInclude Include="Game.h">
      <Filter>Game</Filter>
    </ClInclude>
    <ClInclude Include="UtilFunc.h">
      <Filter>Util</Filter>
    </ClInclude>
    <ClInclude Include="stdafx.h">
      <Filter>Stdafx</Filter>
    </ClInclude>
  </ItemGroup>
  <ItemGroup>
    <ClCompile Include="Block.cpp">
      <Filter>Block</Filter>
    </ClCompile>
    <ClCompile Include="main.cpp">
      <Filter>main</Filter>
    </ClCompile>
    <ClCompile Include="Map.cpp">
      <Filter>Map</Filter>
    </ClCompile>
    <ClCompile Include="Game.cpp">
      <Filter>Game</Filter>
    </ClCompile>
    <ClCompile Include="UtilFunc.cpp">
      <Filter>Util</Filter>
    </ClCompile>
    <ClCompile Include="stdafx.cpp">
      <Filter>Stdafx</Filter>
    </ClCompile>
    <ClCompile Include="GameDraw.cpp">
      <Filter>Game</Filter>
    </ClCompile>
  </ItemGroup>
  <ItemGroup>
    <FxCompile Include="..\..\..\Shaders\vstexture.hlsl">
      <Filter>Shaders</Filter>
    </FxCompile>
    <FxCompile Include="..\..\..\Shaders\pstexture.hlsl">
      <Filter>Shaders</Filter>
    </FxCompile>
  </ItemGroup>
</Project>