<?xml version="1.0" encoding="utf-8"?>
<Project ToolsVersion="4.0" xmlns="http://schemas.microsoft.com/developer/msbuild/2003">
  <ItemGroup>
    <Filter Include="Game">
      <UniqueIdentifier>{8b73d29c-be24-478c-a11d-561413a6eae3}</UniqueIdentifier>
    </Filter>
    <Filter Include="Mode">
      <UniqueIdentifier>{e25005e1-fe18-4017-ba2c-d01930762cd5}</UniqueIdentifier>
    </Filter>
    <Filter Include="Mode\StartMenuMode">
      <UniqueIdentifier>{580115f9-6830-4c49-a826-e74ebb51a77d}</UniqueIdentifier>
    </Filter>
    <Filter Include="Mode\GameMode">
      <UniqueIdentifier>{7a01882f-4b32-42c2-be3c-299f4bbf93e8}</UniqueIdentifier>
    </Filter>
    <Filter Include="Mode\Mode">
      <UniqueIdentifier>{62a5cb1b-a550-40e3-bb60-3ea23edf382a}</UniqueIdentifier>
    </Filter>
    <Filter Include="Logic">
      <UniqueIdentifier>{56de4c45-656a-4ae0-9057-da385bedb791}</UniqueIdentifier>
    </Filter>
    <Filter Include="Main">
      <UniqueIdentifier>{ac8ab45a-4d03-4b28-bec0-1bc291f82371}</UniqueIdentifier>
    </Filter>
    <Filter Include="Logic\Map">
      <UniqueIdentifier>{2d35d9fc-52bc-44e9-8604-2a8cea951f93}</UniqueIdentifier>
    </Filter>
    <Filter Include="Logic\FieldObject">
      <UniqueIdentifier>{14ba112e-4d64-44b5-bcc0-b52b36513b76}</UniqueIdentifier>
    </Filter>
    <Filter Include="Logic\Tile">
      <UniqueIdentifier>{af478440-3a72-4e88-9ce8-8744b5c9d274}</UniqueIdentifier>
    </Filter>
    <Filter Include="Logic\FieldObject\FieldObject">
      <UniqueIdentifier>{99e69d59-ba6d-4854-808e-0070aaaabdcd}</UniqueIdentifier>
    </Filter>
    <Filter Include="Logic\FieldObject\FieldUnit">
      <UniqueIdentifier>{f79d6c37-6c74-4bfe-b637-6332fda914da}</UniqueIdentifier>
    </Filter>
    <Filter Include="Logic\Position">
      <UniqueIdentifier>{12aca02a-0ba9-432e-8648-bfdeb0a060fd}</UniqueIdentifier>
    </Filter>
    <Filter Include="Shaders">
      <UniqueIdentifier>{7dcdc722-7dd5-417b-b3f3-99463510b12e}</UniqueIdentifier>
    </Filter>
    <Filter Include="Extern">
      <UniqueIdentifier>{a3864764-ae1b-44fd-a02a-b198da35cac5}</UniqueIdentifier>
    </Filter>
    <Filter Include="Extern\tinyxml2">
      <UniqueIdentifier>{185e6389-e586-44c7-9374-76ff2c91264b}</UniqueIdentifier>
    </Filter>
    <Filter Include="Logic\Projectile">
      <UniqueIdentifier>{f99d8f08-557a-43e0-b0d0-553e2299a929}</UniqueIdentifier>
    </Filter>
    <Filter Include="stdafx">
      <UniqueIdentifier>{3e2266b1-f856-4217-a885-d33734fcc46f}</UniqueIdentifier>
    </Filter>
  </ItemGroup>
  <ItemGroup>
    <Text Include="ReadMe.txt" />
  </ItemGroup>
  <ItemGroup>
    <ClInclude Include="source\Extern\tinyxml2\tinyxml2.h">
      <Filter>Extern\tinyxml2</Filter>
    </ClInclude>
    <ClInclude Include="source\Game\Game.h">
      <Filter>Game</Filter>
    </ClInclude>
    <ClInclude Include="source\Logic\FieldObject\FieldObject\FieldObject.h">
      <Filter>Logic\FieldObject\FieldObject</Filter>
    </ClInclude>
    <ClInclude Include="source\Logic\FieldObject\FieldUnit\FieldUnit.h">
      <Filter>Logic\FieldObject\FieldUnit</Filter>
    </ClInclude>
    <ClInclude Include="source\Logic\Map\Map.h">
      <Filter>Logic\Map</Filter>
    </ClInclude>
    <ClInclude Include="source\Logic\Position\Position.h">
      <Filter>Logic\Position</Filter>
    </ClInclude>
    <ClInclude Include="source\Logic\Tile\Tile.h">
      <Filter>Logic\Tile</Filter>
    </ClInclude>
    <ClInclude Include="source\Mode\GameMode\GameMode.h">
      <Filter>Mode\GameMode</Filter>
    </ClInclude>
    <ClInclude Include="source\Mode\Mode\Mode.h">
      <Filter>Mode\Mode</Filter>
    </ClInclude>
    <ClInclude Include="source\stdafx\stdafx.h">
      <Filter>stdafx</Filter>
    </ClInclude>
  </ItemGroup>
  <ItemGroup>
    <ClCompile Include="source\Extern\tinyxml2\tinyxml2.cpp">
      <Filter>Extern\tinyxml2</Filter>
    </ClCompile>
    <ClCompile Include="source\Game\Game.cpp">
      <Filter>Game</Filter>
    </ClCompile>
    <ClCompile Include="source\Logic\FieldObject\FieldObject\FieldObject.cpp">
      <Filter>Logic\FieldObject\FieldObject</Filter>
    </ClCompile>
    <ClCompile Include="source\Logic\FieldObject\FieldUnit\FieldUnit.cpp">
      <Filter>Logic\FieldObject\FieldUnit</Filter>
    </ClCompile>
    <ClCompile Include="source\Logic\Map\Map.cpp">
      <Filter>Logic\Map</Filter>
    </ClCompile>
    <ClCompile Include="source\Logic\Position\Position.cpp">
      <Filter>Logic\Position</Filter>
    </ClCompile>
    <ClCompile Include="source\Logic\Tile\Tile.cpp">
      <Filter>Logic\Tile</Filter>
    </ClCompile>
    <ClCompile Include="source\Main\Chrono Warrior.cpp">
      <Filter>Main</Filter>
    </ClCompile>
    <ClCompile Include="source\Mode\GameMode\GameMode.cpp">
      <Filter>Mode\GameMode</Filter>
    </ClCompile>
    <ClCompile Include="source\Mode\GameMode\GameModeDraw.cpp">
      <Filter>Mode\GameMode</Filter>
    </ClCompile>
    <ClCompile Include="source\Mode\Mode\Mode.cpp">
      <Filter>Mode\Mode</Filter>
    </ClCompile>
    <ClCompile Include="source\stdafx\stdafx.cpp">
      <Filter>stdafx</Filter>
    </ClCompile>
  </ItemGroup>
  <ItemGroup>
    <FxCompile Include="..\..\..\Shaders\pstexture.hlsl">
      <Filter>Shaders</Filter>
    </FxCompile>
    <FxCompile Include="..\..\..\Shaders\vstexture.hlsl">
      <Filter>Shaders</Filter>
    </FxCompile>
    <FxCompile Include="..\..\..\Shaders\pscolor.hlsl">
      <Filter>Shaders</Filter>
    </FxCompile>
  </ItemGroup>
</Project>